# This file is autogenerated, do not edit; changes may be undone by the next 'dep ensure'.


[[projects]]
  digest = "1:1c1c2c5c3cd554a489b36c951d1267e1be7f1deb16b63908f35fdbc3b926af59"
  name = "github.com/Azure/azure-sdk-for-go"
  packages = [
    "arm/compute",
    "arm/network",
    "arm/resources/resources",
    "arm/resources/subscriptions",
    "arm/storage",
    "storage",
  ]
  pruneopts = "UT"
  revision = "91f3d4a4d024e3c0d4d9412916d05cf84504a616"
  version = "v5.0.0-beta"

[[projects]]
  branch = "master"
  digest = "1:6da51e5ec493ad2b44cb04129e2d0a068c8fb9bd6cb5739d199573558696bb94"
  name = "github.com/Azure/go-ansiterm"
  packages = [
    ".",
    "winterm",
  ]
  pruneopts = "UT"
  revision = "d6e3b3328b783f23731bc4d058875b0371ff8109"

[[projects]]
  digest = "1:7119b0c081a1995d08827e697a94447a922dd57ec4b55962c91cc64c81f363a3"
  name = "github.com/Azure/go-autorest"
  packages = [
    "autorest",
    "autorest/azure",
    "autorest/date",
    "autorest/to",
    "autorest/validation",
  ]
  pruneopts = "UT"
  revision = "0781901f19f1e7db3034d97ec57af753db0bf808"
  version = "v7.2.1"

[[projects]]
  digest = "1:3e3787c889e4c6600e320ae16abfde18cac2c1f96948180be584665a35ee3ec2"
  name = "github.com/aws/aws-sdk-go"
  packages = [
    "aws",
    "aws/awserr",
    "aws/awsutil",
    "aws/client",
    "aws/client/metadata",
    "aws/corehandlers",
    "aws/credentials",
    "aws/credentials/ec2rolecreds",
    "aws/credentials/endpointcreds",
    "aws/credentials/stscreds",
    "aws/defaults",
    "aws/ec2metadata",
    "aws/request",
    "aws/session",
    "aws/signer/v4",
    "private/endpoints",
    "private/protocol",
    "private/protocol/ec2query",
    "private/protocol/query",
    "private/protocol/query/queryutil",
    "private/protocol/rest",
    "private/protocol/xml/xmlutil",
    "private/waiter",
    "service/ec2",
    "service/sts",
  ]
  pruneopts = "UT"
  revision = "ddfd17ec06eee10c24c5c474633273fd034afdda"
  version = "v1.4.10"

[[projects]]
  digest = "1:676da826460e2bef9b36b2b1fe93fc73c781937d2c70ca459e41c9f3277d2c55"
  name = "github.com/bugsnag/bugsnag-go"
  packages = [
    ".",
    "errors",
  ]
  pruneopts = "UT"
  revision = "02e952891c52fbcb15f113d90633897355783b6e"

[[projects]]
  branch = "master"
  digest = "1:3c8a443f16dd3c3639c7650c19af5b1a0686402f1949dafd18352d15239d9b05"
  name = "github.com/bugsnag/osext"
  packages = ["."]
  pruneopts = "UT"
  revision = "0dd3f918b21bec95ace9dc86c7e70266cfc5c702"

[[projects]]
  digest = "1:a99e9f7f0ef9aecfcfafc43152d4c928471ad16335b7141aa1347be6d76db1c2"
  name = "github.com/bugsnag/panicwrap"
  packages = ["."]
  pruneopts = "UT"
  revision = "aceac81c6e2f55f23844821679a0553b545e91df"
  version = "1.1.0"

[[projects]]
  digest = "1:f50c858ba1549c39fedde09546274f73991a1525870bd2ab575d35b956d2d246"
  name = "github.com/cenkalti/backoff"
  packages = ["."]
  pruneopts = "UT"
  revision = "9831e1e25c874e0a0601b6dc43641071414eec7a"

[[projects]]
  digest = "1:af8559c18ec5d3a1a388dedaa0e790437bb99917845e37a2e4533767b02c3961"
  name = "github.com/codegangsta/cli"
  packages = ["."]
  pruneopts = "UT"
  revision = "0302d3914d2a6ad61404584cdae6e6dbc9c03599"

[[projects]]
  digest = "1:620bade21ddf8256869717861431d52650c7e40bc56bdcd3d5ec3da63e7573b0"
  name = "github.com/davecgh/go-spew"
  packages = ["spew"]
  pruneopts = "UT"
  revision = "5215b55f46b2b919f50a1df0eaa5886afe4e3b3d"

[[projects]]
  digest = "1:02630c70b55ecda2dcb85805170923d8389c632487568ccffadc5482e8a191ed"
  name = "github.com/dgrijalva/jwt-go"
  packages = ["."]
  pruneopts = "UT"
  revision = "24c63f56522a87ec5339cc3567883f1039378fdb"

[[projects]]
  digest = "1:b41bcd468fe0882b4cd1591274dc6d007dc3c947758f34807c83200899637e4f"
  name = "github.com/digitalocean/godo"
  packages = ["."]
  pruneopts = "UT"
  revision = "d59ed2fe842bbb3cbee91c9df8bb7659dc9ee86f"

[[projects]]
  branch = "master"
  digest = "1:5c709df1e94c6dbee6fdd9699b11e3cdfa06870b1e828e9311e4e879b2ae6a4a"
  name = "github.com/docker/docker"
  packages = [
    "pkg/term",
    "pkg/term/windows",
  ]
  pruneopts = "UT"
  revision = "093424bec097cdf51154255226cf999d6824633b"

[[projects]]
  digest = "1:fe12e1ba38626f7f147bd12a8f1f2e9e24d259b4258fb81a2c27e2a705c04b25"
  name = "github.com/docker/go-units"
  packages = ["."]
  pruneopts = "UT"
  revision = "0bbddae09c5a5419a8c6dcdd7ff90da3d450393b"

[[projects]]
  digest = "1:7515ee368d2554cccaecdb552cf602e7a555139ffe45aad7500294fc14bcf2e1"
  name = "github.com/exoscale/egoscale"
  packages = ["."]
  pruneopts = "UT"
  revision = "432a702ab7d709538572f9a2a42eaf0ca0691698"
  version = "v0.9.23"

[[projects]]
  digest = "1:2cd7915ab26ede7d95b8749e6b1f933f1c6d5398030684e6505940a10f31cfda"
  name = "github.com/ghodss/yaml"
  packages = ["."]
  pruneopts = "UT"
  revision = "0ca9ea5df5451ffdf184b4428c902747c2c11cd7"
  version = "v1.0.0"

[[projects]]
  digest = "1:ad48c8fd2fb8c747d8798f19890f70b18091196274a773550a9e5dffa9e165d1"
  name = "github.com/go-ini/ini"
  packages = ["."]
  pruneopts = "UT"
  revision = "03e0e7d51a13a91c765d8d0161246bc14a38001a"

[[projects]]
  digest = "1:fd0a0705475581c7eb965259d417706cb49f42bde408502c3b53f139b7253d67"
  name = "github.com/golang/protobuf"
  packages = [
    "jsonpb",
    "proto",
    "protoc-gen-go/descriptor",
    "ptypes",
    "ptypes/any",
    "ptypes/duration",
    "ptypes/empty",
    "ptypes/struct",
    "ptypes/timestamp",
    "ptypes/wrappers",
  ]
  pruneopts = "UT"
  revision = "b5d812f8a3706043e23a9cd5babf2e5423744d30"
  version = "v1.3.1"

[[projects]]
  digest = "1:5235d8c3e7894393db3e5b1947818966b41e5ae8a5fa5d9c42f6586975894d01"
  name = "github.com/google/go-querystring"
  packages = ["query"]
  pruneopts = "UT"
  revision = "30f7a39f4a218feb5325f3aebc60c32a572a8274"

[[projects]]
  digest = "1:0ade334594e69404d80d9d323445d2297ff8161637f9b2d347cc6973d2d6f05b"
  name = "github.com/hashicorp/errwrap"
  packages = ["."]
  pruneopts = "UT"
  revision = "8a6fb523712970c966eefc6b39ed2c5e74880354"
  version = "v1.0.0"

[[projects]]
  digest = "1:f668349b83f7d779567c880550534addeca7ebadfdcf44b0b9c39be61864b4b7"
  name = "github.com/hashicorp/go-multierror"
  packages = ["."]
  pruneopts = "UT"
  revision = "886a7fbe3eb1c874d46f623bfa70af45f425b3d1"
  version = "v1.0.0"

[[projects]]
  branch = "master"
  digest = "1:67214f4b22f886c6bc60830382255e3b345d3e1c5aef07d64fe6931aee8baedd"
  name = "github.com/intel-go/cpuid"
  packages = ["."]
  pruneopts = "UT"
  revision = "1a4a6f06a1c643c8fbd339bd61d980960627d09e"

[[projects]]
  branch = "master"
  digest = "1:5c3444689562053b027ef3b96372e306adbe0d7d109b6cdd48d01eb80f8bab14"
  name = "github.com/jinzhu/copier"
  packages = ["."]
  pruneopts = "UT"
  revision = "7e38e58719c33e0d44d585c4ab477a30f8cb82dd"

[[projects]]
  digest = "1:b87714e57a511d88f307aba7d5b63522da12bed0a050889c81272fc50f71100e"
  name = "github.com/jmespath/go-jmespath"
  packages = ["."]
  pruneopts = "UT"
  revision = "3433f3ea46d9f8019119e7dd41274e112a2359a9"
  version = "0.2.2"

[[projects]]
  digest = "1:481d1ca274189bb298947b76bb522b7e2ee494b7ca3206c705c008a02b5124cf"
  name = "github.com/mitchellh/mapstructure"
  packages = ["."]
  pruneopts = "UT"
  revision = "740c764bc6149d3f1806231418adb9f52c11bcbf"

[[projects]]
  digest = "1:0028cb19b2e4c3112225cd871870f2d9cf49b9b4276531f03438a88e94be86fe"
  name = "github.com/pmezard/go-difflib"
  packages = ["difflib"]
  pruneopts = "UT"
  revision = "792786c7400a136282c1664665ae0a8db921c6c2"
  version = "v1.0.0"

[[projects]]
  digest = "1:89249eaf359dc2b64431f1d37a8da136ee3714852f9f5bf4bad4a41f160fcac4"
  name = "github.com/rackspace/gophercloud"
  packages = [
    ".",
    "openstack",
    "openstack/compute/v2/extensions/floatingip",
    "openstack/compute/v2/extensions/keypairs",
    "openstack/compute/v2/extensions/startstop",
    "openstack/compute/v2/flavors",
    "openstack/compute/v2/images",
    "openstack/compute/v2/servers",
    "openstack/identity/v2/tenants",
    "openstack/identity/v2/tokens",
    "openstack/identity/v3/tokens",
    "openstack/networking/v2/extensions/layer3/floatingips",
    "openstack/networking/v2/networks",
    "openstack/networking/v2/ports",
    "openstack/utils",
    "pagination",
    "rackspace",
    "rackspace/identity/v2/tokens",
    "testhelper",
    "testhelper/client",
  ]
  pruneopts = "UT"
  revision = "ce0f487f6747ab43c4e4404722df25349385bebd"

[[projects]]
  digest = "1:26409dfc790d25c654c75f396bd0329a10fc487c389ff7837733aea23bfc7880"
  name = "github.com/samalba/dockerclient"
  packages = ["."]
  pruneopts = "UT"
  revision = "f661dd4754aa5c52da85d04b5871ee0e11f4b59c"

[[projects]]
  digest = "1:5622116f2c79239f2d25d47b881e14f96a8b8c17b63b8a8326a38ee1a332b007"
  name = "github.com/sirupsen/logrus"
  packages = ["."]
  pruneopts = "UT"
  revision = "d682213848ed68c0a260ca37d6dd5ace8423f5ba"
  version = "v1.0.4"

[[projects]]
  branch = "master"
  digest = "1:d72aa3b5f0cf546d1ee54079b31a17f6d3495157a2aaf0d2d7c00954370915df"
  name = "github.com/skarademir/naturalsort"
  packages = ["."]
  pruneopts = "UT"
  revision = "69a5d87bef620f77ee8508db30c846b3b84b111e"

[[projects]]
  digest = "1:9bf0f8c6684cd6cb34d838c6f8a07043d6c48be79ffe271cae99633990f8d786"
  name = "github.com/stretchr/objx"
  packages = ["."]
  pruneopts = "UT"
  revision = "1a9d0bb9f541897e62256577b352fdbc1fb4fd94"

[[projects]]
  digest = "1:ce346aa04e3c6989aa128ec6778fb4dff403e3077d48e5204c96704f35efe2e0"
  name = "github.com/stretchr/testify"
  packages = [
    "assert",
    "mock",
  ]
  pruneopts = "UT"
  revision = "1f4a1643a57e798696635ea4c126e9127adb7d3c"

[[projects]]
  branch = "master"
  digest = "1:595e123593925253dd02152777ddb8cd42300c4f61e783e163b053802547c47c"
  name = "github.com/tent/http-link-go"
  packages = ["."]
  pruneopts = "UT"
  revision = "ac974c61c2f990f4115b119354b5e0b47550e888"

[[projects]]
  digest = "1:0f79aac7325bae1fd3c5b3013d886a212a3a81471a8381058d1f6a455bc158a6"
  name = "github.com/vmware/govcloudair"
  packages = [
    ".",
    "types/v56",
  ]
  pruneopts = "UT"
  revision = "66a23eaabc61518f91769939ff541886fe1dceef"
  version = "v0.0.2"

[[projects]]
  digest = "1:46a5783efbdb552f34f2fcac90f3b0bbe790a169153706be69bf22dabdcbf337"
  name = "github.com/vmware/govmomi"
  packages = [
    ".",
    "find",
    "guest",
    "list",
    "object",
    "property",
    "session",
    "task",
    "vim25",
    "vim25/debug",
    "vim25/methods",
    "vim25/mo",
    "vim25/progress",
    "vim25/soap",
    "vim25/types",
    "vim25/xml",
  ]
  pruneopts = "UT"
  revision = "9051bd6b44125d9472e0c148b5965692ab283d4a"
  version = "v0.6.2"

[[projects]]
  branch = "master"
  digest = "1:310c0b9fa9efcbefeaaa70c017213d643c8fd446b8d54064613ea985babd3f0e"
  name = "github.com/yandex-cloud/go-genproto"
  packages = [
    "yandex/api",
    "yandex/cloud/access",
    "yandex/cloud/compute/v1",
    "yandex/cloud/containerregistry/v1",
    "yandex/cloud/endpoint",
    "yandex/cloud/iam/v1",
    "yandex/cloud/iam/v1/awscompatibility",
    "yandex/cloud/loadbalancer/v1",
    "yandex/cloud/mdb/clickhouse/v1",
    "yandex/cloud/mdb/clickhouse/v1/config",
    "yandex/cloud/mdb/mongodb/v1",
    "yandex/cloud/mdb/mongodb/v1/config",
    "yandex/cloud/mdb/postgresql/v1",
    "yandex/cloud/mdb/postgresql/v1/config",
    "yandex/cloud/mdb/redis/v1",
    "yandex/cloud/mdb/redis/v1/config",
    "yandex/cloud/operation",
    "yandex/cloud/resourcemanager/v1",
    "yandex/cloud/validation",
    "yandex/cloud/vpc/v1",
  ]
  pruneopts = "UT"
  revision = "1db0ef3dce9bdfb672f2c2f68089378688b95755"

[[projects]]
  branch = "master"
  digest = "1:535dbe44a02f8f64cffbd05d935aacf29464c9500669c1e00f4c84d67ad13406"
  name = "github.com/yandex-cloud/go-sdk"
  packages = [
    ".",
    "dial",
    "gen/apiendpoint",
    "gen/compute",
    "gen/containerregistry",
    "gen/iam",
    "gen/iam/awscompatibility",
    "gen/loadbalancer",
    "gen/mdb/clickhouse",
    "gen/mdb/mongodb",
    "gen/mdb/postgresql",
    "gen/mdb/redis",
    "gen/operation",
    "gen/resourcemanager",
    "gen/vpc",
    "iamkey",
    "operation",
    "pkg/grpcclient",
    "pkg/sdkerrors",
    "pkg/singleflight",
  ]
  pruneopts = "UT"
  revision = "3fc1d694703593e0d2e48f1df003b7dbc04d8b44"

[[projects]]
  digest = "1:c520e4d4fc9976e4da44ee0a3bdd5a45e8a206a72c1ccd2089f3d184f5eb942a"
  name = "golang.org/x/crypto"
  packages = [
    "curve25519",
    "ed25519",
    "ed25519/internal/edwards25519",
    "ssh",
    "ssh/terminal",
  ]
  pruneopts = "UT"
  revision = "51714a8c4ac1764f07ab4127d7f739351ced4759"

[[projects]]
  branch = "master"
  digest = "1:68ad4c549c0def177e5146b40756b9e66d78b7276746023a12361de2f171ef41"
  name = "golang.org/x/net"
  packages = [
    "context",
    "context/ctxhttp",
    "http/httpguts",
    "http2",
    "http2/hpack",
    "idna",
    "internal/timeseries",
    "trace",
  ]
  pruneopts = "UT"
  revision = "1da14a5a36f220ea3f03470682b737b1dfd5de22"

[[projects]]
  digest = "1:5b9c174f7602d8927abd72ed7095e16249fd87da044a7f9d9f8f6cb9f737719a"
  name = "golang.org/x/oauth2"
  packages = [
    ".",
    "google",
    "internal",
    "jws",
    "jwt",
  ]
  pruneopts = "UT"
  revision = "442624c9ec9243441e83b374a9e22ac549b5c51d"

[[projects]]
  branch = "master"
  digest = "1:524ca168039a413c2a3aded9989f201e869d9d888cbc8e274268f30f66a984cc"
  name = "golang.org/x/sys"
  packages = [
    "unix",
    "windows",
    "windows/registry",
  ]
  pruneopts = "UT"
  revision = "37707fdb30a5b38865cfb95e5aab41707daec7fd"

[[projects]]
  digest = "1:a2ab62866c75542dd18d2b069fec854577a20211d7c0ea6ae746072a1dccdd18"
  name = "golang.org/x/text"
  packages = [
    "collate",
    "collate/build",
    "internal/colltab",
    "internal/gen",
    "internal/tag",
    "internal/triegen",
    "internal/ucd",
    "language",
    "secure/bidirule",
    "transform",
    "unicode/bidi",
    "unicode/cldr",
    "unicode/norm",
    "unicode/rangetable",
  ]
  pruneopts = "UT"
  revision = "f21a4dfb5e38f5895301dc265a8def02365cc3d0"
  version = "v0.3.0"

[[projects]]
  branch = "master"
  digest = "1:ee95e00dab6de32d68fa8743b99f11edbac3bc9e65e0261cafb8750b313a14bb"
  name = "google.golang.org/api"
  packages = [
    "compute/v1",
    "gensupport",
    "googleapi",
    "googleapi/internal/uritemplates",
  ]
  pruneopts = "UT"
  revision = "87a2f5c77b3602f3ae7c8dca6d76f9c2b9bc0957"

[[projects]]
  digest = "1:08250caf23d0b98c5aec610449d7a8b5c8f7809a55f1ecaa612a0f1b790ecb5d"
  name = "google.golang.org/appengine"
  packages = [
    ".",
    "internal",
    "internal/app_identity",
    "internal/base",
    "internal/datastore",
    "internal/log",
    "internal/modules",
    "internal/remote_api",
    "internal/urlfetch",
    "urlfetch",
  ]
  pruneopts = "UT"
  revision = "6a436539be38c296a8075a871cc536686b458371"

[[projects]]
  digest = "1:0b8b0eb3466e09a0aa705b86fa1bd25e8562395cc4034a2dceb297f3ef65e8d3"
  name = "google.golang.org/cloud"
  packages = [
    "compute/metadata",
    "internal",
  ]
  pruneopts = "UT"
  revision = "975617b05ea8a58727e6c1a06b6161ff4185a9f2"

[[projects]]
  branch = "master"
  digest = "1:a774c5c3456c5740b14bf51bf573f7d2241bb1618ea3a23547687fca8c492744"
  name = "google.golang.org/genproto"
  packages = [
    "googleapis/api/annotations",
    "googleapis/rpc/errdetails",
    "googleapis/rpc/status",
    "googleapis/type/timeofday",
    "protobuf/field_mask",
  ]
  pruneopts = "UT"
  revision = "d1146b9035b912113a38af3b138eb2af567b2c67"

[[projects]]
  digest = "1:31d87f39886fb38a2b6c097ff3b9f985d6960772170d64a68246f7790e955746"
  name = "google.golang.org/grpc"
  packages = [
    ".",
    "balancer",
    "balancer/base",
    "balancer/roundrobin",
    "binarylog/grpc_binarylog_v1",
    "codes",
    "connectivity",
    "credentials",
    "credentials/internal",
    "encoding",
    "encoding/proto",
    "grpclog",
    "internal",
    "internal/backoff",
    "internal/balancerload",
    "internal/binarylog",
    "internal/channelz",
    "internal/envconfig",
    "internal/grpcrand",
    "internal/grpcsync",
    "internal/syscall",
    "internal/transport",
    "keepalive",
    "metadata",
    "naming",
    "peer",
    "resolver",
    "resolver/dns",
    "resolver/passthrough",
    "stats",
    "status",
    "tap",
  ]
  pruneopts = "UT"
  revision = "236199dd5f8031d698fb64091194aecd1c3895b2"
  version = "v1.20.0"

[[projects]]
  digest = "1:4d2e5a73dc1500038e504a8d78b986630e3626dc027bc030ba5c75da257cdb96"
  name = "gopkg.in/yaml.v2"
  packages = ["."]
  pruneopts = "UT"
  revision = "51d6538a90f86fe93ac480b35f37b2be17fef232"
  version = "v2.2.2"

[solve-meta]
  analyzer-name = "dep"
  analyzer-version = 1
  input-imports = [
    "github.com/Azure/azure-sdk-for-go/arm/compute",
    "github.com/Azure/azure-sdk-for-go/arm/network",
    "github.com/Azure/azure-sdk-for-go/arm/resources/resources",
    "github.com/Azure/azure-sdk-for-go/arm/resources/subscriptions",
    "github.com/Azure/azure-sdk-for-go/arm/storage",
    "github.com/Azure/azure-sdk-for-go/storage",
    "github.com/Azure/go-autorest/autorest",
    "github.com/Azure/go-autorest/autorest/azure",
    "github.com/Azure/go-autorest/autorest/to",
    "github.com/aws/aws-sdk-go/aws",
    "github.com/aws/aws-sdk-go/aws/awserr",
    "github.com/aws/aws-sdk-go/aws/credentials",
    "github.com/aws/aws-sdk-go/aws/session",
    "github.com/aws/aws-sdk-go/service/ec2",
    "github.com/bugsnag/bugsnag-go",
    "github.com/codegangsta/cli",
    "github.com/digitalocean/godo",
    "github.com/docker/docker/pkg/term",
    "github.com/exoscale/egoscale",
    "github.com/intel-go/cpuid",
    "github.com/rackspace/gophercloud",
    "github.com/rackspace/gophercloud/openstack",
    "github.com/rackspace/gophercloud/openstack/compute/v2/extensions/floatingip",
    "github.com/rackspace/gophercloud/openstack/compute/v2/extensions/keypairs",
    "github.com/rackspace/gophercloud/openstack/compute/v2/extensions/startstop",
    "github.com/rackspace/gophercloud/openstack/compute/v2/flavors",
    "github.com/rackspace/gophercloud/openstack/compute/v2/images",
    "github.com/rackspace/gophercloud/openstack/compute/v2/servers",
    "github.com/rackspace/gophercloud/openstack/identity/v2/tenants",
    "github.com/rackspace/gophercloud/openstack/networking/v2/extensions/layer3/floatingips",
    "github.com/rackspace/gophercloud/openstack/networking/v2/networks",
    "github.com/rackspace/gophercloud/openstack/networking/v2/ports",
    "github.com/rackspace/gophercloud/pagination",
    "github.com/rackspace/gophercloud/rackspace",
    "github.com/samalba/dockerclient",
    "github.com/skarademir/naturalsort",
    "github.com/stretchr/testify/assert",
    "github.com/stretchr/testify/mock",
    "github.com/vmware/govcloudair",
    "github.com/vmware/govmomi",
    "github.com/vmware/govmomi/find",
    "github.com/vmware/govmomi/guest",
    "github.com/vmware/govmomi/object",
    "github.com/vmware/govmomi/vim25/mo",
    "github.com/vmware/govmomi/vim25/soap",
    "github.com/vmware/govmomi/vim25/types",
    "github.com/yandex-cloud/go-genproto/yandex/cloud/compute/v1",
    "github.com/yandex-cloud/go-genproto/yandex/cloud/resourcemanager/v1",
    "github.com/yandex-cloud/go-sdk",
    "golang.org/x/crypto/ssh",
    "golang.org/x/crypto/ssh/terminal",
    "golang.org/x/net/context",
    "golang.org/x/oauth2",
    "golang.org/x/oauth2/google",
    "golang.org/x/sys/windows/registry",
    "google.golang.org/api/compute/v1",
    "google.golang.org/api/googleapi",
    "google.golang.org/genproto/protobuf/field_mask",
  ]
  solver-name = "gps-cdcl"
  solver-version = 1
