# This file is autogenerated, do not edit; changes may be undone by the next 'dep ensure'.


[[projects]]
  digest = "1:b1aa87c86a10632d143a5893a7776b6b884542124e6d45a1b6b46acdf975c3c9"
  name = "cloud.google.com/go"
  packages = ["compute/metadata"]
  pruneopts = "UT"
  revision = "5176ba42f92af23d3c0e7a0da2e196c311a956f0"
  version = "v0.80.0"

[[projects]]
  digest = "1:1c1c2c5c3cd554a489b36c951d1267e1be7f1deb16b63908f35fdbc3b926af59"
  name = "github.com/Azure/azure-sdk-for-go"
  packages = [
    "arm/compute",
    "arm/network",
    "arm/resources/resources",
    "arm/resources/subscriptions",
    "arm/storage",
    "storage",
  ]
  pruneopts = "UT"
  revision = "91f3d4a4d024e3c0d4d9412916d05cf84504a616"
  version = "v5.0.0-beta"

[[projects]]
  branch = "master"
  digest = "1:6da51e5ec493ad2b44cb04129e2d0a068c8fb9bd6cb5739d199573558696bb94"
  name = "github.com/Azure/go-ansiterm"
  packages = [
    ".",
    "winterm",
  ]
  pruneopts = "UT"
  revision = "d6e3b3328b783f23731bc4d058875b0371ff8109"

[[projects]]
  digest = "1:7119b0c081a1995d08827e697a94447a922dd57ec4b55962c91cc64c81f363a3"
  name = "github.com/Azure/go-autorest"
  packages = [
    "autorest",
    "autorest/azure",
    "autorest/date",
    "autorest/to",
    "autorest/validation",
  ]
  pruneopts = "UT"
  revision = "0781901f19f1e7db3034d97ec57af753db0bf808"
  version = "v7.2.1"

[[projects]]
  digest = "1:37fc3f0f252dfc76e8c6efe31fa6f3769baa65fcb09747516a27ff7f564d590f"
  name = "github.com/aws/aws-sdk-go"
  packages = [
    "aws",
    "aws/awserr",
    "aws/awsutil",
    "aws/client",
    "aws/client/metadata",
    "aws/corehandlers",
    "aws/credentials",
    "aws/credentials/ec2rolecreds",
    "aws/credentials/endpointcreds",
    "aws/credentials/processcreds",
    "aws/credentials/stscreds",
    "aws/csm",
    "aws/defaults",
    "aws/ec2metadata",
    "aws/endpoints",
    "aws/request",
    "aws/session",
    "aws/signer/v4",
    "internal/context",
    "internal/ini",
    "internal/sdkio",
    "internal/sdkmath",
    "internal/sdkrand",
    "internal/sdkuri",
    "internal/shareddefaults",
    "internal/strings",
    "internal/sync/singleflight",
    "private/protocol",
    "private/protocol/ec2query",
    "private/protocol/json/jsonutil",
    "private/protocol/query",
    "private/protocol/query/queryutil",
    "private/protocol/rest",
    "private/protocol/xml/xmlutil",
    "service/ec2",
    "service/sts",
    "service/sts/stsiface",
  ]
  pruneopts = "UT"
  revision = "f259b6fac27528dd491fad0bc9621a0e5f77b900"
  version = "v1.36.21"

[[projects]]
  digest = "1:676da826460e2bef9b36b2b1fe93fc73c781937d2c70ca459e41c9f3277d2c55"
  name = "github.com/bugsnag/bugsnag-go"
  packages = [
    ".",
    "errors",
  ]
  pruneopts = "UT"
  revision = "02e952891c52fbcb15f113d90633897355783b6e"

[[projects]]
  branch = "master"
  digest = "1:3c8a443f16dd3c3639c7650c19af5b1a0686402f1949dafd18352d15239d9b05"
  name = "github.com/bugsnag/osext"
  packages = ["."]
  pruneopts = "UT"
  revision = "0dd3f918b21bec95ace9dc86c7e70266cfc5c702"

[[projects]]
  digest = "1:a99e9f7f0ef9aecfcfafc43152d4c928471ad16335b7141aa1347be6d76db1c2"
  name = "github.com/bugsnag/panicwrap"
  packages = ["."]
  pruneopts = "UT"
  revision = "aceac81c6e2f55f23844821679a0553b545e91df"
  version = "1.1.0"

[[projects]]
  digest = "1:f50c858ba1549c39fedde09546274f73991a1525870bd2ab575d35b956d2d246"
  name = "github.com/cenkalti/backoff"
  packages = ["."]
  pruneopts = "UT"
  revision = "9831e1e25c874e0a0601b6dc43641071414eec7a"

[[projects]]
  digest = "1:af8559c18ec5d3a1a388dedaa0e790437bb99917845e37a2e4533767b02c3961"
  name = "github.com/codegangsta/cli"
  packages = ["."]
  pruneopts = "UT"
  revision = "0302d3914d2a6ad61404584cdae6e6dbc9c03599"

[[projects]]
  digest = "1:620bade21ddf8256869717861431d52650c7e40bc56bdcd3d5ec3da63e7573b0"
  name = "github.com/davecgh/go-spew"
  packages = ["spew"]
  pruneopts = "UT"
  revision = "5215b55f46b2b919f50a1df0eaa5886afe4e3b3d"

[[projects]]
  digest = "1:02630c70b55ecda2dcb85805170923d8389c632487568ccffadc5482e8a191ed"
  name = "github.com/dgrijalva/jwt-go"
  packages = ["."]
  pruneopts = "UT"
  revision = "24c63f56522a87ec5339cc3567883f1039378fdb"

[[projects]]
  digest = "1:b41bcd468fe0882b4cd1591274dc6d007dc3c947758f34807c83200899637e4f"
  name = "github.com/digitalocean/godo"
  packages = ["."]
  pruneopts = "UT"
  revision = "d59ed2fe842bbb3cbee91c9df8bb7659dc9ee86f"

[[projects]]
  branch = "master"
  digest = "1:5c709df1e94c6dbee6fdd9699b11e3cdfa06870b1e828e9311e4e879b2ae6a4a"
  name = "github.com/docker/docker"
  packages = [
    "pkg/term",
    "pkg/term/windows",
  ]
  pruneopts = "UT"
  revision = "093424bec097cdf51154255226cf999d6824633b"

[[projects]]
  digest = "1:fe12e1ba38626f7f147bd12a8f1f2e9e24d259b4258fb81a2c27e2a705c04b25"
  name = "github.com/docker/go-units"
  packages = ["."]
  pruneopts = "UT"
  revision = "0bbddae09c5a5419a8c6dcdd7ff90da3d450393b"

[[projects]]
  digest = "1:7515ee368d2554cccaecdb552cf602e7a555139ffe45aad7500294fc14bcf2e1"
  name = "github.com/exoscale/egoscale"
  packages = ["."]
  pruneopts = "UT"
  revision = "432a702ab7d709538572f9a2a42eaf0ca0691698"
  version = "v0.9.23"

[[projects]]
  branch = "master"
  digest = "1:b7cb6054d3dff43b38ad2e92492f220f57ae6087ee797dca298139776749ace8"
  name = "github.com/golang/groupcache"
  packages = ["lru"]
  pruneopts = "UT"
  revision = "8c9f03a8e57eb486e42badaed3fb287da51807ba"

[[projects]]
  digest = "1:6ad0084de8fefa2b9bca7e6e627bb9868a0dedccc1274a6730a813b7853ac41c"
  name = "github.com/golang/protobuf"
  packages = [
    "proto",
    "ptypes",
    "ptypes/any",
    "ptypes/duration",
    "ptypes/timestamp",
  ]
  pruneopts = "UT"
  revision = "ae97035608a719c7a1c1c41bed0ae0744bdb0c6f"
  version = "v1.5.2"

[[projects]]
  digest = "1:5235d8c3e7894393db3e5b1947818966b41e5ae8a5fa5d9c42f6586975894d01"
  name = "github.com/google/go-querystring"
  packages = ["query"]
  pruneopts = "UT"
  revision = "30f7a39f4a218feb5325f3aebc60c32a572a8274"

[[projects]]
  digest = "1:766102087520f9d54f2acc72bd6637045900ac735b4a419b128d216f0c5c4876"
  name = "github.com/googleapis/gax-go"
  packages = ["v2"]
  pruneopts = "UT"
  revision = "bd5b16380fd03dc758d11cef74ba2e3bc8b0e8c2"
  version = "v2.0.5"

[[projects]]
  branch = "master"
  digest = "1:67214f4b22f886c6bc60830382255e3b345d3e1c5aef07d64fe6931aee8baedd"
  name = "github.com/intel-go/cpuid"
  packages = ["."]
  pruneopts = "UT"
  revision = "1a4a6f06a1c643c8fbd339bd61d980960627d09e"

[[projects]]
  branch = "master"
  digest = "1:5c3444689562053b027ef3b96372e306adbe0d7d109b6cdd48d01eb80f8bab14"
  name = "github.com/jinzhu/copier"
  packages = ["."]
  pruneopts = "UT"
  revision = "7e38e58719c33e0d44d585c4ab477a30f8cb82dd"

[[projects]]
  digest = "1:bb81097a5b62634f3e9fec1014657855610c82d19b9a40c17612e32651e35dca"
  name = "github.com/jmespath/go-jmespath"
  packages = ["."]
  pruneopts = "UT"
  revision = "c2b33e84"

[[projects]]
  digest = "1:481d1ca274189bb298947b76bb522b7e2ee494b7ca3206c705c008a02b5124cf"
  name = "github.com/mitchellh/mapstructure"
  packages = ["."]
  pruneopts = "UT"
  revision = "740c764bc6149d3f1806231418adb9f52c11bcbf"

[[projects]]
  digest = "1:0028cb19b2e4c3112225cd871870f2d9cf49b9b4276531f03438a88e94be86fe"
  name = "github.com/pmezard/go-difflib"
  packages = ["difflib"]
  pruneopts = "UT"
  revision = "792786c7400a136282c1664665ae0a8db921c6c2"
  version = "v1.0.0"

[[projects]]
  digest = "1:89249eaf359dc2b64431f1d37a8da136ee3714852f9f5bf4bad4a41f160fcac4"
  name = "github.com/rackspace/gophercloud"
  packages = [
    ".",
    "openstack",
    "openstack/compute/v2/extensions/floatingip",
    "openstack/compute/v2/extensions/keypairs",
    "openstack/compute/v2/extensions/startstop",
    "openstack/compute/v2/flavors",
    "openstack/compute/v2/images",
    "openstack/compute/v2/servers",
    "openstack/identity/v2/tenants",
    "openstack/identity/v2/tokens",
    "openstack/identity/v3/tokens",
    "openstack/networking/v2/extensions/layer3/floatingips",
    "openstack/networking/v2/networks",
    "openstack/networking/v2/ports",
    "openstack/utils",
    "pagination",
    "rackspace",
    "rackspace/identity/v2/tokens",
    "testhelper",
    "testhelper/client",
  ]
  pruneopts = "UT"
  revision = "ce0f487f6747ab43c4e4404722df25349385bebd"

[[projects]]
  digest = "1:26409dfc790d25c654c75f396bd0329a10fc487c389ff7837733aea23bfc7880"
  name = "github.com/samalba/dockerclient"
  packages = ["."]
  pruneopts = "UT"
  revision = "f661dd4754aa5c52da85d04b5871ee0e11f4b59c"

[[projects]]
  digest = "1:5622116f2c79239f2d25d47b881e14f96a8b8c17b63b8a8326a38ee1a332b007"
  name = "github.com/sirupsen/logrus"
  packages = ["."]
  pruneopts = "UT"
  revision = "d682213848ed68c0a260ca37d6dd5ace8423f5ba"
  version = "v1.0.4"

[[projects]]
  branch = "master"
  digest = "1:d72aa3b5f0cf546d1ee54079b31a17f6d3495157a2aaf0d2d7c00954370915df"
  name = "github.com/skarademir/naturalsort"
  packages = ["."]
  pruneopts = "UT"
  revision = "69a5d87bef620f77ee8508db30c846b3b84b111e"

[[projects]]
  digest = "1:9bf0f8c6684cd6cb34d838c6f8a07043d6c48be79ffe271cae99633990f8d786"
  name = "github.com/stretchr/objx"
  packages = ["."]
  pruneopts = "UT"
  revision = "1a9d0bb9f541897e62256577b352fdbc1fb4fd94"

[[projects]]
  digest = "1:ce346aa04e3c6989aa128ec6778fb4dff403e3077d48e5204c96704f35efe2e0"
  name = "github.com/stretchr/testify"
  packages = [
    "assert",
    "mock",
  ]
  pruneopts = "UT"
  revision = "1f4a1643a57e798696635ea4c126e9127adb7d3c"

[[projects]]
  branch = "master"
  digest = "1:595e123593925253dd02152777ddb8cd42300c4f61e783e163b053802547c47c"
  name = "github.com/tent/http-link-go"
  packages = ["."]
  pruneopts = "UT"
  revision = "ac974c61c2f990f4115b119354b5e0b47550e888"

[[projects]]
  digest = "1:0f79aac7325bae1fd3c5b3013d886a212a3a81471a8381058d1f6a455bc158a6"
  name = "github.com/vmware/govcloudair"
  packages = [
    ".",
    "types/v56",
  ]
  pruneopts = "UT"
  revision = "66a23eaabc61518f91769939ff541886fe1dceef"
  version = "v0.0.2"

[[projects]]
  digest = "1:46a5783efbdb552f34f2fcac90f3b0bbe790a169153706be69bf22dabdcbf337"
  name = "github.com/vmware/govmomi"
  packages = [
    ".",
    "find",
    "guest",
    "list",
    "object",
    "property",
    "session",
    "task",
    "vim25",
    "vim25/debug",
    "vim25/methods",
    "vim25/mo",
    "vim25/progress",
    "vim25/soap",
    "vim25/types",
    "vim25/xml",
  ]
  pruneopts = "UT"
  revision = "9051bd6b44125d9472e0c148b5965692ab283d4a"
  version = "v0.6.2"

[[projects]]
  digest = "1:1fc3d9a4e4373883b7af4a3856c024911d2880952e6890910e1ef5077fa2433d"
  name = "go.opencensus.io"
  packages = [
    ".",
    "internal",
    "internal/tagencoding",
    "metric/metricdata",
    "metric/metricproducer",
    "plugin/ochttp",
    "plugin/ochttp/propagation/b3",
    "resource",
    "stats",
    "stats/internal",
    "stats/view",
    "tag",
    "trace",
    "trace/internal",
    "trace/propagation",
    "trace/tracestate",
  ]
  pruneopts = "UT"
  revision = "49838f207d61097fc0ebb8aeef306913388376ca"
  version = "v0.23.0"

[[projects]]
  digest = "1:c520e4d4fc9976e4da44ee0a3bdd5a45e8a206a72c1ccd2089f3d184f5eb942a"
  name = "golang.org/x/crypto"
  packages = [
    "curve25519",
    "ed25519",
    "ed25519/internal/edwards25519",
    "ssh",
    "ssh/terminal",
  ]
  pruneopts = "UT"
  revision = "51714a8c4ac1764f07ab4127d7f739351ced4759"

[[projects]]
  branch = "master"
  digest = "1:d2a8ded4c52e63428bba9298690f40ee384d6828c29e854e82ba24111ad28059"
  name = "golang.org/x/net"
  packages = [
    "context",
    "context/ctxhttp",
    "http/httpguts",
    "http2",
    "http2/hpack",
    "idna",
    "internal/timeseries",
    "trace",
  ]
  pruneopts = "UT"
  revision = "c8897c278d1087bda543ec7041384fcedc5e4036"

[[projects]]
  branch = "master"
  digest = "1:e76208ff4b9eb957e5f070224f57e9f1a97c5d5956b4f3cf24e3e596fe1aea47"
  name = "golang.org/x/oauth2"
  packages = [
    ".",
    "google",
    "google/internal/externalaccount",
    "internal",
    "jws",
    "jwt",
  ]
  pruneopts = "UT"
  revision = "22b0adad7558c54bf49787666d8773cae1dd3e77"

[[projects]]
  branch = "master"
  digest = "1:32de9aa8060b317758e0fcd213d6f4cc9b183902cd6b75a0fbb08498accc65d4"
  name = "golang.org/x/sys"
  packages = [
    "internal/unsafeheader",
    "unix",
    "windows",
    "windows/registry",
  ]
  pruneopts = "UT"
  revision = "49726bf1d181babaebde545fbf1353be26485fb0"

[[projects]]
  digest = "1:33168e887aff0e3eae823593f38433f28928104925e54a6252937e6e3939f904"
  name = "golang.org/x/text"
  packages = [
    "collate",
    "collate/build",
    "internal/colltab",
    "internal/gen",
    "internal/language",
    "internal/language/compact",
    "internal/tag",
    "internal/triegen",
    "internal/ucd",
    "language",
    "secure/bidirule",
    "transform",
    "unicode/bidi",
    "unicode/cldr",
    "unicode/norm",
    "unicode/rangetable",
  ]
  pruneopts = "UT"
  revision = "75a595aef632b07c6eeaaa805adb6f0f66e4130e"
  version = "v0.3.5"

[[projects]]
  digest = "1:6eaf6fd32f41bc80317b1ba4c7f1f4c5ab332bd56f71fe87421165b210f8a1db"
  name = "google.golang.org/api"
  packages = [
    "compute/v1",
    "googleapi",
    "googleapi/transport",
    "internal",
    "internal/gensupport",
    "internal/impersonate",
    "internal/third_party/uritemplates",
    "option",
    "option/internaloption",
    "transport/cert",
    "transport/http",
    "transport/http/internal/propagation",
    "transport/internal/dca",
  ]
  pruneopts = "UT"
  revision = "7fd7a5fcdd3f78a6c49556a5358164cb1405bd51"
  version = "v0.40.0"

[[projects]]
  digest = "1:08250caf23d0b98c5aec610449d7a8b5c8f7809a55f1ecaa612a0f1b790ecb5d"
  name = "google.golang.org/appengine"
  packages = [
    ".",
    "internal",
    "internal/app_identity",
    "internal/base",
    "internal/datastore",
    "internal/log",
    "internal/modules",
    "internal/remote_api",
    "internal/urlfetch",
    "urlfetch",
  ]
  pruneopts = "UT"
  revision = "6a436539be38c296a8075a871cc536686b458371"

[[projects]]
  branch = "master"
  digest = "1:7339759b4869e4b12e0ab4848f0f5edaa3c045b9b1cfe1d22af121605322490c"
  name = "google.golang.org/genproto"
  packages = ["googleapis/rpc/status"]
  pruneopts = "UT"
  revision = "ab064af717059515c07699f55ae1133bf9cc7dcc"

[[projects]]
  digest = "1:3c3950e0d4c0aa0b79a9070a79d1e90d25535d24ad9e99b6188676ea0b6502b0"
  name = "google.golang.org/grpc"
  packages = [
    ".",
    "attributes",
    "backoff",
    "balancer",
    "balancer/base",
    "balancer/grpclb/state",
    "balancer/roundrobin",
    "binarylog/grpc_binarylog_v1",
    "codes",
    "connectivity",
    "credentials",
    "encoding",
    "encoding/proto",
    "grpclog",
    "internal",
    "internal/backoff",
    "internal/balancerload",
    "internal/binarylog",
    "internal/buffer",
    "internal/channelz",
    "internal/credentials",
    "internal/envconfig",
    "internal/grpclog",
    "internal/grpcrand",
    "internal/grpcsync",
    "internal/grpcutil",
    "internal/metadata",
    "internal/resolver",
    "internal/resolver/dns",
    "internal/resolver/passthrough",
    "internal/resolver/unix",
    "internal/serviceconfig",
    "internal/status",
    "internal/syscall",
    "internal/transport",
    "internal/transport/networktype",
    "keepalive",
    "metadata",
    "peer",
    "resolver",
    "serviceconfig",
    "stats",
    "status",
    "tap",
  ]
  pruneopts = "UT"
  revision = "f74f0337644653eba7923908a4d7f79a4f3a267b"
  version = "v1.36.0"

[[projects]]
  digest = "1:a2b672730204a3720049b809ff4a98c923d265dbea20386134770c1570f2a719"
  name = "google.golang.org/protobuf"
  packages = [
    "encoding/prototext",
    "encoding/protowire",
    "internal/descfmt",
    "internal/descopts",
    "internal/detrand",
    "internal/encoding/defval",
    "internal/encoding/messageset",
    "internal/encoding/tag",
    "internal/encoding/text",
    "internal/errors",
    "internal/fieldsort",
    "internal/filedesc",
    "internal/filetype",
    "internal/flags",
    "internal/genid",
    "internal/impl",
    "internal/mapsort",
    "internal/pragma",
    "internal/set",
    "internal/strs",
    "internal/version",
    "proto",
    "reflect/protodesc",
    "reflect/protoreflect",
    "reflect/protoregistry",
    "runtime/protoiface",
    "runtime/protoimpl",
    "types/descriptorpb",
    "types/known/anypb",
    "types/known/durationpb",
    "types/known/timestamppb",
  ]
  pruneopts = "UT"
  revision = "3f7a61f89bb6813f89d981d1870ed68da0b3c3f1"
  version = "v1.25.0"

[solve-meta]
  analyzer-name = "dep"
  analyzer-version = 1
  input-imports = [
    "github.com/Azure/azure-sdk-for-go/arm/compute",
    "github.com/Azure/azure-sdk-for-go/arm/network",
    "github.com/Azure/azure-sdk-for-go/arm/resources/resources",
    "github.com/Azure/azure-sdk-for-go/arm/resources/subscriptions",
    "github.com/Azure/azure-sdk-for-go/arm/storage",
    "github.com/Azure/azure-sdk-for-go/storage",
    "github.com/Azure/go-autorest/autorest",
    "github.com/Azure/go-autorest/autorest/azure",
    "github.com/Azure/go-autorest/autorest/to",
    "github.com/aws/aws-sdk-go/aws",
    "github.com/aws/aws-sdk-go/aws/awserr",
    "github.com/aws/aws-sdk-go/aws/credentials",
    "github.com/aws/aws-sdk-go/aws/session",
    "github.com/aws/aws-sdk-go/service/ec2",
    "github.com/bugsnag/bugsnag-go",
    "github.com/cenkalti/backoff",
    "github.com/codegangsta/cli",
    "github.com/digitalocean/godo",
    "github.com/docker/docker/pkg/term",
    "github.com/exoscale/egoscale",
    "github.com/intel-go/cpuid",
    "github.com/rackspace/gophercloud",
    "github.com/rackspace/gophercloud/openstack",
    "github.com/rackspace/gophercloud/openstack/compute/v2/extensions/floatingip",
    "github.com/rackspace/gophercloud/openstack/compute/v2/extensions/keypairs",
    "github.com/rackspace/gophercloud/openstack/compute/v2/extensions/startstop",
    "github.com/rackspace/gophercloud/openstack/compute/v2/flavors",
    "github.com/rackspace/gophercloud/openstack/compute/v2/images",
    "github.com/rackspace/gophercloud/openstack/compute/v2/servers",
    "github.com/rackspace/gophercloud/openstack/identity/v2/tenants",
    "github.com/rackspace/gophercloud/openstack/networking/v2/extensions/layer3/floatingips",
    "github.com/rackspace/gophercloud/openstack/networking/v2/networks",
    "github.com/rackspace/gophercloud/openstack/networking/v2/ports",
    "github.com/rackspace/gophercloud/pagination",
    "github.com/rackspace/gophercloud/rackspace",
    "github.com/samalba/dockerclient",
    "github.com/skarademir/naturalsort",
    "github.com/stretchr/testify/assert",
    "github.com/stretchr/testify/mock",
    "github.com/vmware/govcloudair",
    "github.com/vmware/govmomi",
    "github.com/vmware/govmomi/find",
    "github.com/vmware/govmomi/guest",
    "github.com/vmware/govmomi/object",
    "github.com/vmware/govmomi/vim25/mo",
    "github.com/vmware/govmomi/vim25/soap",
    "github.com/vmware/govmomi/vim25/types",
    "golang.org/x/crypto/ssh",
    "golang.org/x/crypto/ssh/terminal",
    "golang.org/x/net/context",
    "golang.org/x/oauth2",
    "golang.org/x/oauth2/google",
    "golang.org/x/sys/windows/registry",
    "google.golang.org/api/compute/v1",
    "google.golang.org/api/googleapi",
  ]
  solver-name = "gps-cdcl"
  solver-version = 1
